
Microsoft Visual Studio Solution File, Format Version 12.00
# Visual Studio Version 17
VisualStudioVersion = 17.13.35818.85
MinimumVisualStudioVersion = 10.0.40219.1
Project("{FAE04EC0-301F-11D3-BF4B-00C04F79EFBC}") = "MicroservicioParametrosSAC", "MicroservicioParametrosSAC\MicroservicioParametrosSAC.csproj", "{855C3971-2BF6-4F40-911D-762FE2EF438B}"
EndProject
Project("{FAE04EC0-301F-11D3-BF4B-00C04F79EFBC}") = "Infrastructure", "Infrastructure\Infrastructure.csproj", "{BF6DC655-7156-4A3C-8E3F-E9C5F5C6C0D4}"
EndProject
Project("{FAE04EC0-301F-11D3-BF4B-00C04F79EFBC}") = "Core", "Core\Core.csproj", "{F742C191-7847-4A8F-93E0-EC0AAA56C2E8}"
EndProject
Global
	GlobalSection(SolutionConfigurationPlatforms) = preSolution
		Debug|Any CPU = Debug|Any CPU
		Release|Any CPU = Release|Any CPU
	EndGlobalSection
	GlobalSection(ProjectConfigurationPlatforms) = postSolution
		{855C3971-2BF6-4F40-911D-762FE2EF438B}.Debug|Any CPU.ActiveCfg = Debug|Any CPU
		{855C3971-2BF6-4F40-911D-762FE2EF438B}.Debug|Any CPU.Build.0 = Debug|Any CPU
		{855C3971-2BF6-4F40-911D-762FE2EF438B}.Release|Any CPU.ActiveCfg = Release|Any CPU
		{855C3971-2BF6-4F40-911D-762FE2EF438B}.Release|Any CPU.Build.0 = Release|Any CPU
		{BF6DC655-7156-4A3C-8E3F-E9C5F5C6C0D4}.Debug|Any CPU.ActiveCfg = Debug|Any CPU
		{BF6DC655-7156-4A3C-8E3F-E9C5F5C6C0D4}.Debug|Any CPU.Build.0 = Debug|Any CPU
		{BF6DC655-7156-4A3C-8E3F-E9C5F5C6C0D4}.Release|Any CPU.ActiveCfg = Release|Any CPU
		{BF6DC655-7156-4A3C-8E3F-E9C5F5C6C0D4}.Release|Any CPU.Build.0 = Release|Any CPU
		{F742C191-7847-4A8F-93E0-EC0AAA56C2E8}.Debug|Any CPU.ActiveCfg = Debug|Any CPU
		{F742C191-7847-4A8F-93E0-EC0AAA56C2E8}.Debug|Any CPU.Build.0 = Debug|Any CPU
		{F742C191-7847-4A8F-93E0-EC0AAA56C2E8}.Release|Any CPU.ActiveCfg = Release|Any CPU
		{F742C191-7847-4A8F-93E0-EC0AAA56C2E8}.Release|Any CPU.Build.0 = Release|Any CPU
	EndGlobalSection
	GlobalSection(SolutionProperties) = preSolution
		HideSolutionNode = FALSE
	EndGlobalSection
	GlobalSection(ExtensibilityGlobals) = postSolution
		SolutionGuid = {556DFBA6-C5B2-4378-A8BF-3CEF82827EE0}
	EndGlobalSection
EndGlobal
