
Microsoft Visual Studio Solution File, Format Version 12.00
# Visual Studio Version 17
VisualStudioVersion = 17.13.35931.197
MinimumVisualStudioVersion = 10.0.40219.1
Project("{FAE04EC0-301F-11D3-BF4B-00C04F79EFBC}") = "MicroservicioHistorialSolicitudesSAC", "MicroservicioHistorialSolicitudesSAC\MicroservicioHistorialSolicitudesSAC.csproj", "{D3F88D47-750E-4770-8D57-5B26826E3DF0}"
EndProject
Project("{FAE04EC0-301F-11D3-BF4B-00C04F79EFBC}") = "Core", "Core\Core.csproj", "{C5EED630-964E-481A-8841-A131EE3C107B}"
EndProject
Project("{FAE04EC0-301F-11D3-BF4B-00C04F79EFBC}") = "Infrastructure", "Infrastructure\Infrastructure.csproj", "{721D14C0-F6ED-435D-A1C1-F85901378722}"
EndProject
Global
	GlobalSection(SolutionConfigurationPlatforms) = preSolution
		Debug|Any CPU = Debug|Any CPU
		Release|Any CPU = Release|Any CPU
	EndGlobalSection
	GlobalSection(ProjectConfigurationPlatforms) = postSolution
		{D3F88D47-750E-4770-8D57-5B26826E3DF0}.Debug|Any CPU.ActiveCfg = Debug|Any CPU
		{D3F88D47-750E-4770-8D57-5B26826E3DF0}.Debug|Any CPU.Build.0 = Debug|Any CPU
		{D3F88D47-750E-4770-8D57-5B26826E3DF0}.Release|Any CPU.ActiveCfg = Release|Any CPU
		{D3F88D47-750E-4770-8D57-5B26826E3DF0}.Release|Any CPU.Build.0 = Release|Any CPU
		{C5EED630-964E-481A-8841-A131EE3C107B}.Debug|Any CPU.ActiveCfg = Debug|Any CPU
		{C5EED630-964E-481A-8841-A131EE3C107B}.Debug|Any CPU.Build.0 = Debug|Any CPU
		{C5EED630-964E-481A-8841-A131EE3C107B}.Release|Any CPU.ActiveCfg = Release|Any CPU
		{C5EED630-964E-481A-8841-A131EE3C107B}.Release|Any CPU.Build.0 = Release|Any CPU
		{721D14C0-F6ED-435D-A1C1-F85901378722}.Debug|Any CPU.ActiveCfg = Debug|Any CPU
		{721D14C0-F6ED-435D-A1C1-F85901378722}.Debug|Any CPU.Build.0 = Debug|Any CPU
		{721D14C0-F6ED-435D-A1C1-F85901378722}.Release|Any CPU.ActiveCfg = Release|Any CPU
		{721D14C0-F6ED-435D-A1C1-F85901378722}.Release|Any CPU.Build.0 = Release|Any CPU
	EndGlobalSection
	GlobalSection(SolutionProperties) = preSolution
		HideSolutionNode = FALSE
	EndGlobalSection
	GlobalSection(ExtensibilityGlobals) = postSolution
		SolutionGuid = {B6A9B95F-B87F-45CE-8403-E72B73628C9C}
	EndGlobalSection
EndGlobal
